{
  "name": "tnslp",
  "lockfileVersion": 2,
  "requires": true,
  "packages": {
    "": {
      "dependencies": {
        "Console": "^1.1.0"
      }
    },
    "node_modules/Console": {
      "version": "1.1.0",
      "resolved": "https://registry.npmjs.org/Console/-/Console-1.1.0.tgz",
      "integrity": "sha512-39mFTjWeD4ra7X4mX24fl+j+QPhpq5CE7XqfJluTnuVg4HUFJl2pcjl04lrrG8PkIt6qE/3rAD3OWjzTfpMP1g==",
      "engines": {
        "node": ">=6.4.0"
      }
    }
  },
  "dependencies": {
    "Console": {
      "version": "1.1.0",
      "resolved": "https://registry.npmjs.org/Console/-/Console-1.1.0.tgz",
      "integrity": "sha512-39mFTjWeD4ra7X4mX24fl+j+QPhpq5CE7XqfJluTnuVg4HUFJl2pcjl04lrrG8PkIt6qE/3rAD3OWjzTfpMP1g=="
    }
  }
}
